// !$*UTF8*$!
{
	archiveVersion = 1;
	classes = {
	};
	objectVersion = 56;
	objects = {

/* Begin PBXBuildFile section */
		9A3FB89B2CD3E8E90019266C /* MainView.swift in Sources */ = {isa = PBXBuildFile; fileRef = 9A3FB89A2CD3E8E90019266C /* MainView.swift */; };
		9A3FB89D2CD3F6700019266C /* Auth.swift in Sources */ = {isa = PBXBuildFile; fileRef = 9A3FB89C2CD3F6700019266C /* Auth.swift */; };
		9A3FB89F2CD3F6840019266C /* WorkoutView.swift in Sources */ = {isa = PBXBuildFile; fileRef = 9A3FB89E2CD3F6840019266C /* WorkoutView.swift */; };
		9A3FB8A12CD3F68F0019266C /* MealView.swift in Sources */ = {isa = PBXBuildFile; fileRef = 9A3FB8A02CD3F68F0019266C /* MealView.swift */; };
		9A3FB8A32CD3F69E0019266C /* PantryView.swift in Sources */ = {isa = PBXBuildFile; fileRef = 9A3FB8A22CD3F69E0019266C /* PantryView.swift */; };
		9ABD96262CBF01D700CB9922 /* GoogleService-Info.plist in Resources */ = {isa = PBXBuildFile; fileRef = 9ABD96252CBF01D700CB9922 /* GoogleService-Info.plist */; };
		9ABD96292CBF031C00CB9922 /* FirebaseAnalytics in Frameworks */ = {isa = PBXBuildFile; productRef = 9ABD96282CBF031C00CB9922 /* FirebaseAnalytics */; };
		9AC81DD32CA57BCF00A0472C /* FitPantry.swift in Sources */ = {isa = PBXBuildFile; fileRef = 9AC81DD22CA57BCF00A0472C /* FitPantry.swift */; };
		9AC81DD52CA57BD000A0472C /* Assets.xcassets in Resources */ = {isa = PBXBuildFile; fileRef = 9AC81DD42CA57BD000A0472C /* Assets.xcassets */; };
		9AC81DD82CA57BD000A0472C /* Preview Assets.xcassets in Resources */ = {isa = PBXBuildFile; fileRef = 9AC81DD72CA57BD000A0472C /* Preview Assets.xcassets */; };
		9AC81DE22CA57BD000A0472C /* Fit_PantryTests.swift in Sources */ = {isa = PBXBuildFile; fileRef = 9AC81DE12CA57BD000A0472C /* Fit_PantryTests.swift */; };
		9AC81DEC2CA57BD000A0472C /* Fit_PantryUITests.swift in Sources */ = {isa = PBXBuildFile; fileRef = 9AC81DEB2CA57BD000A0472C /* Fit_PantryUITests.swift */; };
		9AC81DEE2CA57BD000A0472C /* Fit_PantryUITestsLaunchTests.swift in Sources */ = {isa = PBXBuildFile; fileRef = 9AC81DED2CA57BD000A0472C /* Fit_PantryUITestsLaunchTests.swift */; };
/* End PBXBuildFile section */

/* Begin PBXContainerItemProxy section */
		9AC81DDE2CA57BD000A0472C /* PBXContainerItemProxy */ = {
			isa = PBXContainerItemProxy;
			containerPortal = 9AC81DC52CA57BCF00A0472C /* Project object */;
			proxyType = 1;
			remoteGlobalIDString = 9AC81DCC2CA57BCF00A0472C;
			remoteInfo = "Capstone Project";
		};
		9AC81DE82CA57BD000A0472C /* PBXContainerItemProxy */ = {
			isa = PBXContainerItemProxy;
			containerPortal = 9AC81DC52CA57BCF00A0472C /* Project object */;
			proxyType = 1;
			remoteGlobalIDString = 9AC81DCC2CA57BCF00A0472C;
			remoteInfo = "Capstone Project";
		};
/* End PBXContainerItemProxy section */

/* Begin PBXFileReference section */
		9A3FB89A2CD3E8E90019266C /* MainView.swift */ = {isa = PBXFileReference; lastKnownFileType = sourcecode.swift; path = MainView.swift; sourceTree = "<group>"; };
		9A3FB89C2CD3F6700019266C /* Auth.swift */ = {isa = PBXFileReference; lastKnownFileType = sourcecode.swift; path = Auth.swift; sourceTree = "<group>"; };
		9A3FB89E2CD3F6840019266C /* WorkoutView.swift */ = {isa = PBXFileReference; lastKnownFileType = sourcecode.swift; path = WorkoutView.swift; sourceTree = "<group>"; };
		9A3FB8A02CD3F68F0019266C /* MealView.swift */ = {isa = PBXFileReference; lastKnownFileType = sourcecode.swift; path = MealView.swift; sourceTree = "<group>"; };
		9A3FB8A22CD3F69E0019266C /* PantryView.swift */ = {isa = PBXFileReference; lastKnownFileType = sourcecode.swift; path = PantryView.swift; sourceTree = "<group>"; };
		9ABD96252CBF01D700CB9922 /* GoogleService-Info.plist */ = {isa = PBXFileReference; lastKnownFileType = text.plist.xml; path = "GoogleService-Info.plist"; sourceTree = "<group>"; };
		9AC81DCD2CA57BCF00A0472C /* Fit Pantry.app */ = {isa = PBXFileReference; explicitFileType = wrapper.application; includeInIndex = 0; path = "Fit Pantry.app"; sourceTree = BUILT_PRODUCTS_DIR; };
		9AC81DD22CA57BCF00A0472C /* FitPantry.swift */ = {isa = PBXFileReference; lastKnownFileType = sourcecode.swift; path = FitPantry.swift; sourceTree = "<group>"; };
		9AC81DD42CA57BD000A0472C /* Assets.xcassets */ = {isa = PBXFileReference; lastKnownFileType = folder.assetcatalog; path = Assets.xcassets; sourceTree = "<group>"; };
		9AC81DD72CA57BD000A0472C /* Preview Assets.xcassets */ = {isa = PBXFileReference; lastKnownFileType = folder.assetcatalog; path = "Preview Assets.xcassets"; sourceTree = "<group>"; };
		9AC81DDD2CA57BD000A0472C /* Fit PantryTests.xctest */ = {isa = PBXFileReference; explicitFileType = wrapper.cfbundle; includeInIndex = 0; path = "Fit PantryTests.xctest"; sourceTree = BUILT_PRODUCTS_DIR; };
		9AC81DE12CA57BD000A0472C /* Fit_PantryTests.swift */ = {isa = PBXFileReference; lastKnownFileType = sourcecode.swift; path = Fit_PantryTests.swift; sourceTree = "<group>"; };
		9AC81DE72CA57BD000A0472C /* Fit PantryUITests.xctest */ = {isa = PBXFileReference; explicitFileType = wrapper.cfbundle; includeInIndex = 0; path = "Fit PantryUITests.xctest"; sourceTree = BUILT_PRODUCTS_DIR; };
		9AC81DEB2CA57BD000A0472C /* Fit_PantryUITests.swift */ = {isa = PBXFileReference; lastKnownFileType = sourcecode.swift; path = Fit_PantryUITests.swift; sourceTree = "<group>"; };
		9AC81DED2CA57BD000A0472C /* Fit_PantryUITestsLaunchTests.swift */ = {isa = PBXFileReference; lastKnownFileType = sourcecode.swift; path = Fit_PantryUITestsLaunchTests.swift; sourceTree = "<group>"; };
/* End PBXFileReference section */

/* Begin PBXFrameworksBuildPhase section */
		9AC81DCA2CA57BCF00A0472C /* Frameworks */ = {
			isa = PBXFrameworksBuildPhase;
			buildActionMask = 2147483647;
			files = (
				9ABD96292CBF031C00CB9922 /* FirebaseAnalytics in Frameworks */,
			);
			runOnlyForDeploymentPostprocessing = 0;
		};
		9AC81DDA2CA57BD000A0472C /* Frameworks */ = {
			isa = PBXFrameworksBuildPhase;
			buildActionMask = 2147483647;
			files = (
			);
			runOnlyForDeploymentPostprocessing = 0;
		};
		9AC81DE42CA57BD000A0472C /* Frameworks */ = {
			isa = PBXFrameworksBuildPhase;
			buildActionMask = 2147483647;
			files = (
			);
			runOnlyForDeploymentPostprocessing = 0;
		};
/* End PBXFrameworksBuildPhase section */

/* Begin PBXGroup section */
		9A3FB8932CD3E53C0019266C /* Authentication */ = {
			isa = PBXGroup;
			children = (
				9A3FB89C2CD3F6700019266C /* Auth.swift */,
			);
			path = Authentication;
			sourceTree = "<group>";
		};
		9A3FB8942CD3E56C0019266C /* Pantry */ = {
			isa = PBXGroup;
			children = (
				9A3FB8A22CD3F69E0019266C /* PantryView.swift */,
			);
			path = Pantry;
			sourceTree = "<group>";
		};
		9A3FB8952CD3E5720019266C /* Meal Planning */ = {
			isa = PBXGroup;
			children = (
				9A3FB8A02CD3F68F0019266C /* MealView.swift */,
			);
			path = "Meal Planning";
			sourceTree = "<group>";
		};
		9A3FB8962CD3E57B0019266C /* WorkoutPlanner */ = {
			isa = PBXGroup;
			children = (
				9A3FB89E2CD3F6840019266C /* WorkoutView.swift */,
			);
			path = WorkoutPlanner;
			sourceTree = "<group>";
		};
		9A3FB8972CD3E5840019266C /* Shared */ = {
			isa = PBXGroup;
			children = (
				9AC81DD42CA57BD000A0472C /* Assets.xcassets */,
				9AC81DD62CA57BD000A0472C /* Preview Content */,
			);
			path = Shared;
			sourceTree = "<group>";
		};
		9A3FB8982CD3E5900019266C /* App */ = {
			isa = PBXGroup;
			children = (
				9AC81DD22CA57BCF00A0472C /* FitPantry.swift */,
				9A3FB89A2CD3E8E90019266C /* MainView.swift */,
			);
			path = App;
			sourceTree = "<group>";
		};
		9A3FB8992CD3E6220019266C /* Tests */ = {
			isa = PBXGroup;
			children = (
				9AC81DE02CA57BD000A0472C /* Fit PantryTests */,
				9AC81DEA2CA57BD000A0472C /* Fit PantryUITests */,
			);
			path = Tests;
			sourceTree = "<group>";
		};
		9AC81DC42CA57BCF00A0472C = {
			isa = PBXGroup;
			children = (
				9A3FB8982CD3E5900019266C /* App */,
				9A3FB8932CD3E53C0019266C /* Authentication */,
				9A3FB8972CD3E5840019266C /* Shared */,
				9A3FB8962CD3E57B0019266C /* WorkoutPlanner */,
				9A3FB8952CD3E5720019266C /* Meal Planning */,
				9A3FB8942CD3E56C0019266C /* Pantry */,
				9A3FB8992CD3E6220019266C /* Tests */,
				9AC81DCE2CA57BCF00A0472C /* Products */,
				9ABD96252CBF01D700CB9922 /* GoogleService-Info.plist */,
			);
			sourceTree = "<group>";
		};
		9AC81DCE2CA57BCF00A0472C /* Products */ = {
			isa = PBXGroup;
			children = (
				9AC81DCD2CA57BCF00A0472C /* Fit Pantry.app */,
				9AC81DDD2CA57BD000A0472C /* Fit PantryTests.xctest */,
				9AC81DE72CA57BD000A0472C /* Fit PantryUITests.xctest */,
			);
			name = Products;
			sourceTree = "<group>";
		};
		9AC81DD62CA57BD000A0472C /* Preview Content */ = {
			isa = PBXGroup;
			children = (
				9AC81DD72CA57BD000A0472C /* Preview Assets.xcassets */,
			);
			path = "Preview Content";
			sourceTree = "<group>";
		};
		9AC81DE02CA57BD000A0472C /* Fit PantryTests */ = {
			isa = PBXGroup;
			children = (
				9AC81DE12CA57BD000A0472C /* Fit_PantryTests.swift */,
			);
			path = "Fit PantryTests";
			sourceTree = "<group>";
		};
		9AC81DEA2CA57BD000A0472C /* Fit PantryUITests */ = {
			isa = PBXGroup;
			children = (
				9AC81DEB2CA57BD000A0472C /* Fit_PantryUITests.swift */,
				9AC81DED2CA57BD000A0472C /* Fit_PantryUITestsLaunchTests.swift */,
			);
			path = "Fit PantryUITests";
			sourceTree = "<group>";
		};
/* End PBXGroup section */

/* Begin PBXNativeTarget section */
		9AC81DCC2CA57BCF00A0472C /* Fit Pantry */ = {
			isa = PBXNativeTarget;
			buildConfigurationList = 9AC81DF12CA57BD000A0472C /* Build configuration list for PBXNativeTarget "Fit Pantry" */;
			buildPhases = (
				9AC81DC92CA57BCF00A0472C /* Sources */,
				9AC81DCA2CA57BCF00A0472C /* Frameworks */,
				9AC81DCB2CA57BCF00A0472C /* Resources */,
			);
			buildRules = (
			);
			dependencies = (
			);
			name = "Fit Pantry";
			productName = "Capstone Project";
			productReference = 9AC81DCD2CA57BCF00A0472C /* Fit Pantry.app */;
			productType = "com.apple.product-type.application";
		};
		9AC81DDC2CA57BD000A0472C /* Fit PantryTests */ = {
			isa = PBXNativeTarget;
			buildConfigurationList = 9AC81DF42CA57BD000A0472C /* Build configuration list for PBXNativeTarget "Fit PantryTests" */;
			buildPhases = (
				9AC81DD92CA57BD000A0472C /* Sources */,
				9AC81DDA2CA57BD000A0472C /* Frameworks */,
				9AC81DDB2CA57BD000A0472C /* Resources */,
			);
			buildRules = (
			);
			dependencies = (
				9AC81DDF2CA57BD000A0472C /* PBXTargetDependency */,
			);
			name = "Fit PantryTests";
			productName = "Capstone ProjectTests";
			productReference = 9AC81DDD2CA57BD000A0472C /* Fit PantryTests.xctest */;
			productType = "com.apple.product-type.bundle.unit-test";
		};
		9AC81DE62CA57BD000A0472C /* Fit PantryUITests */ = {
			isa = PBXNativeTarget;
			buildConfigurationList = 9AC81DF72CA57BD000A0472C /* Build configuration list for PBXNativeTarget "Fit PantryUITests" */;
			buildPhases = (
				9AC81DE32CA57BD000A0472C /* Sources */,
				9AC81DE42CA57BD000A0472C /* Frameworks */,
				9AC81DE52CA57BD000A0472C /* Resources */,
			);
			buildRules = (
			);
			dependencies = (
				9AC81DE92CA57BD000A0472C /* PBXTargetDependency */,
			);
			name = "Fit PantryUITests";
			productName = "Capstone ProjectUITests";
			productReference = 9AC81DE72CA57BD000A0472C /* Fit PantryUITests.xctest */;
			productType = "com.apple.product-type.bundle.ui-testing";
		};
/* End PBXNativeTarget section */

/* Begin PBXProject section */
		9AC81DC52CA57BCF00A0472C /* Project object */ = {
			isa = PBXProject;
			attributes = {
				BuildIndependentTargetsInParallel = 1;
				LastSwiftUpdateCheck = 1530;
				LastUpgradeCheck = 1600;
				TargetAttributes = {
					9AC81DCC2CA57BCF00A0472C = {
						CreatedOnToolsVersion = 15.3;
					};
					9AC81DDC2CA57BD000A0472C = {
						CreatedOnToolsVersion = 15.3;
						TestTargetID = 9AC81DCC2CA57BCF00A0472C;
					};
					9AC81DE62CA57BD000A0472C = {
						CreatedOnToolsVersion = 15.3;
						TestTargetID = 9AC81DCC2CA57BCF00A0472C;
					};
				};
			};
			buildConfigurationList = 9AC81DC82CA57BCF00A0472C /* Build configuration list for PBXProject "Fit Pantry" */;
			compatibilityVersion = "Xcode 14.0";
			developmentRegion = en;
			hasScannedForEncodings = 0;
			knownRegions = (
				en,
				Base,
			);
			mainGroup = 9AC81DC42CA57BCF00A0472C;
			packageReferences = (
				9ABD96272CBF031C00CB9922 /* XCRemoteSwiftPackageReference "firebase-ios-sdk" */,
			);
			productRefGroup = 9AC81DCE2CA57BCF00A0472C /* Products */;
			projectDirPath = "";
			projectRoot = "";
			targets = (
				9AC81DCC2CA57BCF00A0472C /* Fit Pantry */,
				9AC81DDC2CA57BD000A0472C /* Fit PantryTests */,
				9AC81DE62CA57BD000A0472C /* Fit PantryUITests */,
			);
		};
/* End PBXProject section */

/* Begin PBXResourcesBuildPhase section */
		9AC81DCB2CA57BCF00A0472C /* Resources */ = {
			isa = PBXResourcesBuildPhase;
			buildActionMask = 2147483647;
			files = (
				9AC81DD82CA57BD000A0472C /* Preview Assets.xcassets in Resources */,
				9AC81DD52CA57BD000A0472C /* Assets.xcassets in Resources */,
				9ABD96262CBF01D700CB9922 /* GoogleService-Info.plist in Resources */,
			);
			runOnlyForDeploymentPostprocessing = 0;
		};
		9AC81DDB2CA57BD000A0472C /* Resources */ = {
			isa = PBXResourcesBuildPhase;
			buildActionMask = 2147483647;
			files = (
			);
			runOnlyForDeploymentPostprocessing = 0;
		};
		9AC81DE52CA57BD000A0472C /* Resources */ = {
			isa = PBXResourcesBuildPhase;
			buildActionMask = 2147483647;
			files = (
			);
			runOnlyForDeploymentPostprocessing = 0;
		};
/* End PBXResourcesBuildPhase section */

/* Begin PBXSourcesBuildPhase section */
		9AC81DC92CA57BCF00A0472C /* Sources */ = {
			isa = PBXSourcesBuildPhase;
			buildActionMask = 2147483647;
			files = (
				9A3FB8A32CD3F69E0019266C /* PantryView.swift in Sources */,
				9AC81DD32CA57BCF00A0472C /* FitPantry.swift in Sources */,
				9A3FB89B2CD3E8E90019266C /* MainView.swift in Sources */,
				9A3FB89F2CD3F6840019266C /* WorkoutView.swift in Sources */,
				9A3FB89D2CD3F6700019266C /* Auth.swift in Sources */,
				9A3FB8A12CD3F68F0019266C /* MealView.swift in Sources */,
			);
			runOnlyForDeploymentPostprocessing = 0;
		};
		9AC81DD92CA57BD000A0472C /* Sources */ = {
			isa = PBXSourcesBuildPhase;
			buildActionMask = 2147483647;
			files = (
				9AC81DE22CA57BD000A0472C /* Fit_PantryTests.swift in Sources */,
			);
			runOnlyForDeploymentPostprocessing = 0;
		};
		9AC81DE32CA57BD000A0472C /* Sources */ = {
			isa = PBXSourcesBuildPhase;
			buildActionMask = 2147483647;
			files = (
				9AC81DEC2CA57BD000A0472C /* Fit_PantryUITests.swift in Sources */,
				9AC81DEE2CA57BD000A0472C /* Fit_PantryUITestsLaunchTests.swift in Sources */,
			);
			runOnlyForDeploymentPostprocessing = 0;
		};
/* End PBXSourcesBuildPhase section */

/* Begin PBXTargetDependency section */
		9AC81DDF2CA57BD000A0472C /* PBXTargetDependency */ = {
			isa = PBXTargetDependency;
			target = 9AC81DCC2CA57BCF00A0472C /* Fit Pantry */;
			targetProxy = 9AC81DDE2CA57BD000A0472C /* PBXContainerItemProxy */;
		};
		9AC81DE92CA57BD000A0472C /* PBXTargetDependency */ = {
			isa = PBXTargetDependency;
			target = 9AC81DCC2CA57BCF00A0472C /* Fit Pantry */;
			targetProxy = 9AC81DE82CA57BD000A0472C /* PBXContainerItemProxy */;
		};
/* End PBXTargetDependency section */

/* Begin XCBuildConfiguration section */
		9AC81DEF2CA57BD000A0472C /* Debug */ = {
			isa = XCBuildConfiguration;
			buildSettings = {
				ALWAYS_SEARCH_USER_PATHS = NO;
				ASSETCATALOG_COMPILER_GENERATE_SWIFT_ASSET_SYMBOL_EXTENSIONS = YES;
				CLANG_ANALYZER_NONNULL = YES;
				CLANG_ANALYZER_NUMBER_OBJECT_CONVERSION = YES_AGGRESSIVE;
				CLANG_CXX_LANGUAGE_STANDARD = "gnu++20";
				CLANG_ENABLE_MODULES = YES;
				CLANG_ENABLE_OBJC_ARC = YES;
				CLANG_ENABLE_OBJC_WEAK = YES;
				CLANG_WARN_BLOCK_CAPTURE_AUTORELEASING = YES;
				CLANG_WARN_BOOL_CONVERSION = YES;
				CLANG_WARN_COMMA = YES;
				CLANG_WARN_CONSTANT_CONVERSION = YES;
				CLANG_WARN_DEPRECATED_OBJC_IMPLEMENTATIONS = YES;
				CLANG_WARN_DIRECT_OBJC_ISA_USAGE = YES_ERROR;
				CLANG_WARN_DOCUMENTATION_COMMENTS = YES;
				CLANG_WARN_EMPTY_BODY = YES;
				CLANG_WARN_ENUM_CONVERSION = YES;
				CLANG_WARN_INFINITE_RECURSION = YES;
				CLANG_WARN_INT_CONVERSION = YES;
				CLANG_WARN_NON_LITERAL_NULL_CONVERSION = YES;
				CLANG_WARN_OBJC_IMPLICIT_RETAIN_SELF = YES;
				CLANG_WARN_OBJC_LITERAL_CONVERSION = YES;
				CLANG_WARN_OBJC_ROOT_CLASS = YES_ERROR;
				CLANG_WARN_QUOTED_INCLUDE_IN_FRAMEWORK_HEADER = YES;
				CLANG_WARN_RANGE_LOOP_ANALYSIS = YES;
				CLANG_WARN_STRICT_PROTOTYPES = YES;
				CLANG_WARN_SUSPICIOUS_MOVE = YES;
				CLANG_WARN_UNGUARDED_AVAILABILITY = YES_AGGRESSIVE;
				CLANG_WARN_UNREACHABLE_CODE = YES;
				CLANG_WARN__DUPLICATE_METHOD_MATCH = YES;
				COPY_PHASE_STRIP = NO;
				DEBUG_INFORMATION_FORMAT = dwarf;
				ENABLE_STRICT_OBJC_MSGSEND = YES;
				ENABLE_TESTABILITY = YES;
				ENABLE_USER_SCRIPT_SANDBOXING = YES;
				GCC_C_LANGUAGE_STANDARD = gnu17;
				GCC_DYNAMIC_NO_PIC = NO;
				GCC_NO_COMMON_BLOCKS = YES;
				GCC_OPTIMIZATION_LEVEL = 0;
				GCC_PREPROCESSOR_DEFINITIONS = (
					"DEBUG=1",
					"$(inherited)",
				);
				GCC_WARN_64_TO_32_BIT_CONVERSION = YES;
				GCC_WARN_ABOUT_RETURN_TYPE = YES_ERROR;
				GCC_WARN_UNDECLARED_SELECTOR = YES;
				GCC_WARN_UNINITIALIZED_AUTOS = YES_AGGRESSIVE;
				GCC_WARN_UNUSED_FUNCTION = YES;
				GCC_WARN_UNUSED_VARIABLE = YES;
				IPHONEOS_DEPLOYMENT_TARGET = 17.2;
				LOCALIZATION_PREFERS_STRING_CATALOGS = YES;
				MTL_ENABLE_DEBUG_INFO = INCLUDE_SOURCE;
				MTL_FAST_MATH = YES;
				ONLY_ACTIVE_ARCH = YES;
				SDKROOT = iphoneos;
				SWIFT_ACTIVE_COMPILATION_CONDITIONS = "DEBUG $(inherited)";
				SWIFT_OPTIMIZATION_LEVEL = "-Onone";
			};
			name = Debug;
		};
		9AC81DF02CA57BD000A0472C /* Release */ = {
			isa = XCBuildConfiguration;
			buildSettings = {
				ALWAYS_SEARCH_USER_PATHS = NO;
				ASSETCATALOG_COMPILER_GENERATE_SWIFT_ASSET_SYMBOL_EXTENSIONS = YES;
				CLANG_ANALYZER_NONNULL = YES;
				CLANG_ANALYZER_NUMBER_OBJECT_CONVERSION = YES_AGGRESSIVE;
				CLANG_CXX_LANGUAGE_STANDARD = "gnu++20";
				CLANG_ENABLE_MODULES = YES;
				CLANG_ENABLE_OBJC_ARC = YES;
				CLANG_ENABLE_OBJC_WEAK = YES;
				CLANG_WARN_BLOCK_CAPTURE_AUTORELEASING = YES;
				CLANG_WARN_BOOL_CONVERSION = YES;
				CLANG_WARN_COMMA = YES;
				CLANG_WARN_CONSTANT_CONVERSION = YES;
				CLANG_WARN_DEPRECATED_OBJC_IMPLEMENTATIONS = YES;
				CLANG_WARN_DIRECT_OBJC_ISA_USAGE = YES_ERROR;
				CLANG_WARN_DOCUMENTATION_COMMENTS = YES;
				CLANG_WARN_EMPTY_BODY = YES;
				CLANG_WARN_ENUM_CONVERSION = YES;
				CLANG_WARN_INFINITE_RECURSION = YES;
				CLANG_WARN_INT_CONVERSION = YES;
				CLANG_WARN_NON_LITERAL_NULL_CONVERSION = YES;
				CLANG_WARN_OBJC_IMPLICIT_RETAIN_SELF = YES;
				CLANG_WARN_OBJC_LITERAL_CONVERSION = YES;
				CLANG_WARN_OBJC_ROOT_CLASS = YES_ERROR;
				CLANG_WARN_QUOTED_INCLUDE_IN_FRAMEWORK_HEADER = YES;
				CLANG_WARN_RANGE_LOOP_ANALYSIS = YES;
				CLANG_WARN_STRICT_PROTOTYPES = YES;
				CLANG_WARN_SUSPICIOUS_MOVE = YES;
				CLANG_WARN_UNGUARDED_AVAILABILITY = YES_AGGRESSIVE;
				CLANG_WARN_UNREACHABLE_CODE = YES;
				CLANG_WARN__DUPLICATE_METHOD_MATCH = YES;
				COPY_PHASE_STRIP = NO;
				DEBUG_INFORMATION_FORMAT = "dwarf-with-dsym";
				ENABLE_NS_ASSERTIONS = NO;
				ENABLE_STRICT_OBJC_MSGSEND = YES;
				ENABLE_USER_SCRIPT_SANDBOXING = YES;
				GCC_C_LANGUAGE_STANDARD = gnu17;
				GCC_NO_COMMON_BLOCKS = YES;
				GCC_WARN_64_TO_32_BIT_CONVERSION = YES;
				GCC_WARN_ABOUT_RETURN_TYPE = YES_ERROR;
				GCC_WARN_UNDECLARED_SELECTOR = YES;
				GCC_WARN_UNINITIALIZED_AUTOS = YES_AGGRESSIVE;
				GCC_WARN_UNUSED_FUNCTION = YES;
				GCC_WARN_UNUSED_VARIABLE = YES;
				IPHONEOS_DEPLOYMENT_TARGET = 17.2;
				LOCALIZATION_PREFERS_STRING_CATALOGS = YES;
				MTL_ENABLE_DEBUG_INFO = NO;
				MTL_FAST_MATH = YES;
				SDKROOT = iphoneos;
				SWIFT_COMPILATION_MODE = wholemodule;
				VALIDATE_PRODUCT = YES;
			};
			name = Release;
		};
		9AC81DF22CA57BD000A0472C /* Debug */ = {
			isa = XCBuildConfiguration;
			buildSettings = {
				ASSETCATALOG_COMPILER_APPICON_NAME = AppIcon;
				ASSETCATALOG_COMPILER_GLOBAL_ACCENT_COLOR_NAME = AccentColor;
				CODE_SIGN_STYLE = Automatic;
				CURRENT_PROJECT_VERSION = 1;
				DEVELOPMENT_ASSET_PATHS = "\"Shared/Preview Content\"";
				DEVELOPMENT_TEAM = "";
				ENABLE_PREVIEWS = YES;
				GENERATE_INFOPLIST_FILE = YES;
				INFOPLIST_KEY_UIApplicationSceneManifest_Generation = YES;
				INFOPLIST_KEY_UIApplicationSupportsIndirectInputEvents = YES;
				INFOPLIST_KEY_UILaunchScreen_Generation = YES;
				INFOPLIST_KEY_UISupportedInterfaceOrientations_iPad = "UIInterfaceOrientationPortrait UIInterfaceOrientationPortraitUpsideDown UIInterfaceOrientationLandscapeLeft UIInterfaceOrientationLandscapeRight";
				INFOPLIST_KEY_UISupportedInterfaceOrientations_iPhone = "UIInterfaceOrientationPortrait UIInterfaceOrientationLandscapeLeft UIInterfaceOrientationLandscapeRight";
				IPHONEOS_DEPLOYMENT_TARGET = 17.2;
				LD_RUNPATH_SEARCH_PATHS = (
					"$(inherited)",
					"@executable_path/Frameworks",
				);
				MARKETING_VERSION = 1.0;
				PRODUCT_BUNDLE_IDENTIFIER = name.chaserodie.FitPantry;
				PRODUCT_NAME = "$(TARGET_NAME)";
				SWIFT_EMIT_LOC_STRINGS = YES;
				SWIFT_VERSION = 5.0;
				TARGETED_DEVICE_FAMILY = "1,2";
			};
			name = Debug;
		};
		9AC81DF32CA57BD000A0472C /* Release */ = {
			isa = XCBuildConfiguration;
			buildSettings = {
				ASSETCATALOG_COMPILER_APPICON_NAME = AppIcon;
				ASSETCATALOG_COMPILER_GLOBAL_ACCENT_COLOR_NAME = AccentColor;
				CODE_SIGN_STYLE = Automatic;
				CURRENT_PROJECT_VERSION = 1;
				DEVELOPMENT_ASSET_PATHS = "\"Shared/Preview Content\"";
				DEVELOPMENT_TEAM = "";
				ENABLE_PREVIEWS = YES;
				GENERATE_INFOPLIST_FILE = YES;
				INFOPLIST_KEY_UIApplicationSceneManifest_Generation = YES;
				INFOPLIST_KEY_UIApplicationSupportsIndirectInputEvents = YES;
				INFOPLIST_KEY_UILaunchScreen_Generation = YES;
				INFOPLIST_KEY_UISupportedInterfaceOrientations_iPad = "UIInterfaceOrientationPortrait UIInterfaceOrientationPortraitUpsideDown UIInterfaceOrientationLandscapeLeft UIInterfaceOrientationLandscapeRight";
				INFOPLIST_KEY_UISupportedInterfaceOrientations_iPhone = "UIInterfaceOrientationPortrait UIInterfaceOrientationLandscapeLeft UIInterfaceOrientationLandscapeRight";
				IPHONEOS_DEPLOYMENT_TARGET = 17.2;
				LD_RUNPATH_SEARCH_PATHS = (
					"$(inherited)",
					"@executable_path/Frameworks",
				);
				MARKETING_VERSION = 1.0;
				PRODUCT_BUNDLE_IDENTIFIER = name.chaserodie.FitPantry;
				PRODUCT_NAME = "$(TARGET_NAME)";
				SWIFT_EMIT_LOC_STRINGS = YES;
				SWIFT_VERSION = 5.0;
				TARGETED_DEVICE_FAMILY = "1,2";
			};
			name = Release;
		};
		9AC81DF52CA57BD000A0472C /* Debug */ = {
			isa = XCBuildConfiguration;
			buildSettings = {
				BUNDLE_LOADER = "$(TEST_HOST)";
				CODE_SIGN_STYLE = Automatic;
				CURRENT_PROJECT_VERSION = 1;
				DEVELOPMENT_TEAM = 4UH375AT7K;
				GENERATE_INFOPLIST_FILE = YES;
				IPHONEOS_DEPLOYMENT_TARGET = 17.2;
				MARKETING_VERSION = 1.0;
				PRODUCT_BUNDLE_IDENTIFIER = "name.chaserodie.Capstone-ProjectTests";
				PRODUCT_NAME = "$(TARGET_NAME)";
				SWIFT_EMIT_LOC_STRINGS = NO;
				SWIFT_VERSION = 5.0;
				TARGETED_DEVICE_FAMILY = "1,2";
				TEST_HOST = "$(BUILT_PRODUCTS_DIR)/Fit Pantry.app/$(BUNDLE_EXECUTABLE_FOLDER_PATH)/Fit Pantry";
			};
			name = Debug;
		};
		9AC81DF62CA57BD000A0472C /* Release */ = {
			isa = XCBuildConfiguration;
			buildSettings = {
				BUNDLE_LOADER = "$(TEST_HOST)";
				CODE_SIGN_STYLE = Automatic;
				CURRENT_PROJECT_VERSION = 1;
				DEVELOPMENT_TEAM = 4UH375AT7K;
				GENERATE_INFOPLIST_FILE = YES;
				IPHONEOS_DEPLOYMENT_TARGET = 17.2;
				MARKETING_VERSION = 1.0;
				PRODUCT_BUNDLE_IDENTIFIER = "name.chaserodie.Capstone-ProjectTests";
				PRODUCT_NAME = "$(TARGET_NAME)";
				SWIFT_EMIT_LOC_STRINGS = NO;
				SWIFT_VERSION = 5.0;
				TARGETED_DEVICE_FAMILY = "1,2";
				TEST_HOST = "$(BUILT_PRODUCTS_DIR)/Fit Pantry.app/$(BUNDLE_EXECUTABLE_FOLDER_PATH)/Fit Pantry";
			};
			name = Release;
		};
		9AC81DF82CA57BD000A0472C /* Debug */ = {
			isa = XCBuildConfiguration;
			buildSettings = {
				CODE_SIGN_STYLE = Automatic;
				CURRENT_PROJECT_VERSION = 1;
				DEVELOPMENT_TEAM = 4UH375AT7K;
				GENERATE_INFOPLIST_FILE = YES;
				MARKETING_VERSION = 1.0;
				PRODUCT_BUNDLE_IDENTIFIER = "name.chaserodie.Capstone-ProjectUITests";
				PRODUCT_NAME = "$(TARGET_NAME)";
				SWIFT_EMIT_LOC_STRINGS = NO;
				SWIFT_VERSION = 5.0;
				TARGETED_DEVICE_FAMILY = "1,2";
				TEST_TARGET_NAME = "Capstone Project";
			};
			name = Debug;
		};
		9AC81DF92CA57BD000A0472C /* Release */ = {
			isa = XCBuildConfiguration;
			buildSettings = {
				CODE_SIGN_STYLE = Automatic;
				CURRENT_PROJECT_VERSION = 1;
				DEVELOPMENT_TEAM = 4UH375AT7K;
				GENERATE_INFOPLIST_FILE = YES;
				MARKETING_VERSION = 1.0;
				PRODUCT_BUNDLE_IDENTIFIER = "name.chaserodie.Capstone-ProjectUITests";
				PRODUCT_NAME = "$(TARGET_NAME)";
				SWIFT_EMIT_LOC_STRINGS = NO;
				SWIFT_VERSION = 5.0;
				TARGETED_DEVICE_FAMILY = "1,2";
				TEST_TARGET_NAME = "Capstone Project";
			};
			name = Release;
		};
/* End XCBuildConfiguration section */

/* Begin XCConfigurationList section */
		9AC81DC82CA57BCF00A0472C /* Build configuration list for PBXProject "Fit Pantry" */ = {
			isa = XCConfigurationList;
			buildConfigurations = (
				9AC81DEF2CA57BD000A0472C /* Debug */,
				9AC81DF02CA57BD000A0472C /* Release */,
			);
			defaultConfigurationIsVisible = 0;
			defaultConfigurationName = Release;
		};
		9AC81DF12CA57BD000A0472C /* Build configuration list for PBXNativeTarget "Fit Pantry" */ = {
			isa = XCConfigurationList;
			buildConfigurations = (
				9AC81DF22CA57BD000A0472C /* Debug */,
				9AC81DF32CA57BD000A0472C /* Release */,
			);
			defaultConfigurationIsVisible = 0;
			defaultConfigurationName = Release;
		};
		9AC81DF42CA57BD000A0472C /* Build configuration list for PBXNativeTarget "Fit PantryTests" */ = {
			isa = XCConfigurationList;
			buildConfigurations = (
				9AC81DF52CA57BD000A0472C /* Debug */,
				9AC81DF62CA57BD000A0472C /* Release */,
			);
			defaultConfigurationIsVisible = 0;
			defaultConfigurationName = Release;
		};
		9AC81DF72CA57BD000A0472C /* Build configuration list for PBXNativeTarget "Fit PantryUITests" */ = {
			isa = XCConfigurationList;
			buildConfigurations = (
				9AC81DF82CA57BD000A0472C /* Debug */,
				9AC81DF92CA57BD000A0472C /* Release */,
			);
			defaultConfigurationIsVisible = 0;
			defaultConfigurationName = Release;
		};
/* End XCConfigurationList section */

/* Begin XCRemoteSwiftPackageReference section */
		9ABD96272CBF031C00CB9922 /* XCRemoteSwiftPackageReference "firebase-ios-sdk" */ = {
			isa = XCRemoteSwiftPackageReference;
			repositoryURL = "https://github.com/firebase/firebase-ios-sdk";
			requirement = {
				kind = upToNextMajorVersion;
				minimumVersion = 11.3.0;
			};
		};
/* End XCRemoteSwiftPackageReference section */

/* Begin XCSwiftPackageProductDependency section */
		9ABD96282CBF031C00CB9922 /* FirebaseAnalytics */ = {
			isa = XCSwiftPackageProductDependency;
			package = 9ABD96272CBF031C00CB9922 /* XCRemoteSwiftPackageReference "firebase-ios-sdk" */;
			productName = FirebaseAnalytics;
		};
/* End XCSwiftPackageProductDependency section */
	};
	rootObject = 9AC81DC52CA57BCF00A0472C /* Project object */;
}
